
Microsoft Visual Studio Solution File, Format Version 12.00
# Visual Studio 15
VisualStudioVersion = 15.0.28307.438
MinimumVisualStudioVersion = 10.0.40219.1
Project("{FAE04EC0-301F-11D3-BF4B-00C04F79EFBC}") = "list_ve_class_kullanimi", "list_ve_class_kullanimi\list_ve_class_kullanimi.csproj", "{9AEC0F59-095C-4D47-870B-B6F51AF90CD5}"
EndProject
Global
	GlobalSection(SolutionConfigurationPlatforms) = preSolution
		Debug|Any CPU = Debug|Any CPU
		Release|Any CPU = Release|Any CPU
	EndGlobalSection
	GlobalSection(ProjectConfigurationPlatforms) = postSolution
		{9AEC0F59-095C-4D47-870B-B6F51AF90CD5}.Debug|Any CPU.ActiveCfg = Debug|Any CPU
		{9AEC0F59-095C-4D47-870B-B6F51AF90CD5}.Debug|Any CPU.Build.0 = Debug|Any CPU
		{9AEC0F59-095C-4D47-870B-B6F51AF90CD5}.Release|Any CPU.ActiveCfg = Release|Any CPU
		{9AEC0F59-095C-4D47-870B-B6F51AF90CD5}.Release|Any CPU.Build.0 = Release|Any CPU
	EndGlobalSection
	GlobalSection(SolutionProperties) = preSolution
		HideSolutionNode = FALSE
	EndGlobalSection
	GlobalSection(ExtensibilityGlobals) = postSolution
		SolutionGuid = {F2951007-1298-41B2-9E12-D286C7E96554}
	EndGlobalSection
EndGlobal
